
Microsoft Visual Studio Solution File, Format Version 12.00
# Visual Studio Version 16
VisualStudioVersion = 16.0.32002.261
MinimumVisualStudioVersion = 10.0.40219.1
Project("{8BC9CEB8-8B4A-11D0-8D11-00A0C91BC942}") = "Chapter1_1", "Chapter1_1\Chapter1_1.vcxproj", "{CAF05ABE-AE36-4ABB-9B35-C7F7C144BC3B}"
EndProject
Project("{8BC9CEB8-8B4A-11D0-8D11-00A0C91BC942}") = "Chapter1_3", "Chapter1_3\Chapter1_3.vcxproj", "{D8F0C1D4-11E4-4103-ACEC-6A121F64196A}"
EndProject
Project("{8BC9CEB8-8B4A-11D0-8D11-00A0C91BC942}") = "Chapter1_4", "Chapter1_4\Chapter1_4.vcxproj", "{930880AF-2D96-4106-8891-8EA843AD872C}"
EndProject
Project("{8BC9CEB8-8B4A-11D0-8D11-00A0C91BC942}") = "Chapter1_5", "Chapter1_5\Chapter1_5.vcxproj", "{8D3919D8-0853-42E7-9DF9-22D0598AB78B}"
EndProject
Project("{8BC9CEB8-8B4A-11D0-8D11-00A0C91BC942}") = "Chapter1_6", "Chapter1_6\Chapter1_6.vcxproj", "{19725BB6-67C6-4EC4-AF8B-FDF166A0E9A3}"
EndProject
Project("{8BC9CEB8-8B4A-11D0-8D11-00A0C91BC942}") = "Chapter1_7", "Chapter1_7\Chapter1_7.vcxproj", "{EC104BCD-6F1C-4566-999A-5816CF49C7CA}"
EndProject
Project("{8BC9CEB8-8B4A-11D0-8D11-00A0C91BC942}") = "Chapter1_8", "Chapter1_8\Chapter1_8.vcxproj", "{07B29196-5258-4D67-B8A8-1BBEE1B60590}"
EndProject
Project("{8BC9CEB8-8B4A-11D0-8D11-00A0C91BC942}") = "Chapter1_9", "Chapter1_9\Chapter1_9.vcxproj", "{CE5231C0-1856-4E4C-92B3-CB5ECFEC29C6}"
EndProject
Project("{8BC9CEB8-8B4A-11D0-8D11-00A0C91BC942}") = "Chapter1_10", "Chapter1_10\Chapter1_10.vcxproj", "{A3656145-D9FD-417D-8557-D58277D34058}"
EndProject
Project("{8BC9CEB8-8B4A-11D0-8D11-00A0C91BC942}") = "Chapter1_11", "Chapter1_11\Chapter1_11.vcxproj", "{D28A97BB-A605-4DA6-AF3C-CE0414C6F13B}"
EndProject
Project("{8BC9CEB8-8B4A-11D0-8D11-00A0C91BC942}") = "Chapter1_12", "Chapter1_12\Chapter1_12.vcxproj", "{82D8AD17-F3DC-458A-AD36-0F75DBC131A0}"
EndProject
Project("{8BC9CEB8-8B4A-11D0-8D11-00A0C91BC942}") = "Chapter1_13", "Chapter1_13\Chapter1_13.vcxproj", "{BFE70EDA-0703-47B2-A2F0-E4E3B9983D58}"
EndProject
Project("{8BC9CEB8-8B4A-11D0-8D11-00A0C91BC942}") = "Chapter1_14", "Chapter1_14\Chapter1_14.vcxproj", "{E07B67AF-A22D-4604-953F-6376C7ECE811}"
EndProject
Project("{8BC9CEB8-8B4A-11D0-8D11-00A0C91BC942}") = "Chapter1_15", "Chapter1_15\Chapter1_15.vcxproj", "{E94A6D05-78E7-4E5E-9BE8-19C5BC2A387F}"
EndProject
Project("{8BC9CEB8-8B4A-11D0-8D11-00A0C91BC942}") = "Chapter1_16", "Chapter1_16\Chapter1_16.vcxproj", "{64300019-C020-4150-80F6-E0BCEEBBEE6E}"
EndProject
Global
	GlobalSection(SolutionConfigurationPlatforms) = preSolution
		Debug|x64 = Debug|x64
		Debug|x86 = Debug|x86
		Release|x64 = Release|x64
		Release|x86 = Release|x86
	EndGlobalSection
	GlobalSection(ProjectConfigurationPlatforms) = postSolution
		{CAF05ABE-AE36-4ABB-9B35-C7F7C144BC3B}.Debug|x64.ActiveCfg = Debug|x64
		{CAF05ABE-AE36-4ABB-9B35-C7F7C144BC3B}.Debug|x64.Build.0 = Debug|x64
		{CAF05ABE-AE36-4ABB-9B35-C7F7C144BC3B}.Debug|x86.ActiveCfg = Debug|Win32
		{CAF05ABE-AE36-4ABB-9B35-C7F7C144BC3B}.Debug|x86.Build.0 = Debug|Win32
		{CAF05ABE-AE36-4ABB-9B35-C7F7C144BC3B}.Release|x64.ActiveCfg = Release|x64
		{CAF05ABE-AE36-4ABB-9B35-C7F7C144BC3B}.Release|x64.Build.0 = Release|x64
		{CAF05ABE-AE36-4ABB-9B35-C7F7C144BC3B}.Release|x86.ActiveCfg = Release|Win32
		{CAF05ABE-AE36-4ABB-9B35-C7F7C144BC3B}.Release|x86.Build.0 = Release|Win32
		{D8F0C1D4-11E4-4103-ACEC-6A121F64196A}.Debug|x64.ActiveCfg = Debug|x64
		{D8F0C1D4-11E4-4103-ACEC-6A121F64196A}.Debug|x64.Build.0 = Debug|x64
		{D8F0C1D4-11E4-4103-ACEC-6A121F64196A}.Debug|x86.ActiveCfg = Debug|Win32
		{D8F0C1D4-11E4-4103-ACEC-6A121F64196A}.Debug|x86.Build.0 = Debug|Win32
		{D8F0C1D4-11E4-4103-ACEC-6A121F64196A}.Release|x64.ActiveCfg = Release|x64
		{D8F0C1D4-11E4-4103-ACEC-6A121F64196A}.Release|x64.Build.0 = Release|x64
		{D8F0C1D4-11E4-4103-ACEC-6A121F64196A}.Release|x86.ActiveCfg = Release|Win32
		{D8F0C1D4-11E4-4103-ACEC-6A121F64196A}.Release|x86.Build.0 = Release|Win32
		{930880AF-2D96-4106-8891-8EA843AD872C}.Debug|x64.ActiveCfg = Debug|x64
		{930880AF-2D96-4106-8891-8EA843AD872C}.Debug|x64.Build.0 = Debug|x64
		{930880AF-2D96-4106-8891-8EA843AD872C}.Debug|x86.ActiveCfg = Debug|Win32
		{930880AF-2D96-4106-8891-8EA843AD872C}.Debug|x86.Build.0 = Debug|Win32
		{930880AF-2D96-4106-8891-8EA843AD872C}.Release|x64.ActiveCfg = Release|x64
		{930880AF-2D96-4106-8891-8EA843AD872C}.Release|x64.Build.0 = Release|x64
		{930880AF-2D96-4106-8891-8EA843AD872C}.Release|x86.ActiveCfg = Release|Win32
		{930880AF-2D96-4106-8891-8EA843AD872C}.Release|x86.Build.0 = Release|Win32
		{8D3919D8-0853-42E7-9DF9-22D0598AB78B}.Debug|x64.ActiveCfg = Debug|x64
		{8D3919D8-0853-42E7-9DF9-22D0598AB78B}.Debug|x64.Build.0 = Debug|x64
		{8D3919D8-0853-42E7-9DF9-22D0598AB78B}.Debug|x86.ActiveCfg = Debug|Win32
		{8D3919D8-0853-42E7-9DF9-22D0598AB78B}.Debug|x86.Build.0 = Debug|Win32
		{8D3919D8-0853-42E7-9DF9-22D0598AB78B}.Release|x64.ActiveCfg = Release|x64
		{8D3919D8-0853-42E7-9DF9-22D0598AB78B}.Release|x64.Build.0 = Release|x64
		{8D3919D8-0853-42E7-9DF9-22D0598AB78B}.Release|x86.ActiveCfg = Release|Win32
		{8D3919D8-0853-42E7-9DF9-22D0598AB78B}.Release|x86.Build.0 = Release|Win32
		{19725BB6-67C6-4EC4-AF8B-FDF166A0E9A3}.Debug|x64.ActiveCfg = Debug|x64
		{19725BB6-67C6-4EC4-AF8B-FDF166A0E9A3}.Debug|x64.Build.0 = Debug|x64
		{19725BB6-67C6-4EC4-AF8B-FDF166A0E9A3}.Debug|x86.ActiveCfg = Debug|Win32
		{19725BB6-67C6-4EC4-AF8B-FDF166A0E9A3}.Debug|x86.Build.0 = Debug|Win32
		{19725BB6-67C6-4EC4-AF8B-FDF166A0E9A3}.Release|x64.ActiveCfg = Release|x64
		{19725BB6-67C6-4EC4-AF8B-FDF166A0E9A3}.Release|x64.Build.0 = Release|x64
		{19725BB6-67C6-4EC4-AF8B-FDF166A0E9A3}.Release|x86.ActiveCfg = Release|Win32
		{19725BB6-67C6-4EC4-AF8B-FDF166A0E9A3}.Release|x86.Build.0 = Release|Win32
		{EC104BCD-6F1C-4566-999A-5816CF49C7CA}.Debug|x64.ActiveCfg = Debug|x64
		{EC104BCD-6F1C-4566-999A-5816CF49C7CA}.Debug|x64.Build.0 = Debug|x64
		{EC104BCD-6F1C-4566-999A-5816CF49C7CA}.Debug|x86.ActiveCfg = Debug|Win32
		{EC104BCD-6F1C-4566-999A-5816CF49C7CA}.Debug|x86.Build.0 = Debug|Win32
		{EC104BCD-6F1C-4566-999A-5816CF49C7CA}.Release|x64.ActiveCfg = Release|x64
		{EC104BCD-6F1C-4566-999A-5816CF49C7CA}.Release|x64.Build.0 = Release|x64
		{EC104BCD-6F1C-4566-999A-5816CF49C7CA}.Release|x86.ActiveCfg = Release|Win32
		{EC104BCD-6F1C-4566-999A-5816CF49C7CA}.Release|x86.Build.0 = Release|Win32
		{07B29196-5258-4D67-B8A8-1BBEE1B60590}.Debug|x64.ActiveCfg = Debug|x64
		{07B29196-5258-4D67-B8A8-1BBEE1B60590}.Debug|x64.Build.0 = Debug|x64
		{07B29196-5258-4D67-B8A8-1BBEE1B60590}.Debug|x86.ActiveCfg = Debug|Win32
		{07B29196-5258-4D67-B8A8-1BBEE1B60590}.Debug|x86.Build.0 = Debug|Win32
		{07B29196-5258-4D67-B8A8-1BBEE1B60590}.Release|x64.ActiveCfg = Release|x64
		{07B29196-5258-4D67-B8A8-1BBEE1B60590}.Release|x64.Build.0 = Release|x64
		{07B29196-5258-4D67-B8A8-1BBEE1B60590}.Release|x86.ActiveCfg = Release|Win32
		{07B29196-5258-4D67-B8A8-1BBEE1B60590}.Release|x86.Build.0 = Release|Win32
		{CE5231C0-1856-4E4C-92B3-CB5ECFEC29C6}.Debug|x64.ActiveCfg = Debug|x64
		{CE5231C0-1856-4E4C-92B3-CB5ECFEC29C6}.Debug|x64.Build.0 = Debug|x64
		{CE5231C0-1856-4E4C-92B3-CB5ECFEC29C6}.Debug|x86.ActiveCfg = Debug|Win32
		{CE5231C0-1856-4E4C-92B3-CB5ECFEC29C6}.Debug|x86.Build.0 = Debug|Win32
		{CE5231C0-1856-4E4C-92B3-CB5ECFEC29C6}.Release|x64.ActiveCfg = Release|x64
		{CE5231C0-1856-4E4C-92B3-CB5ECFEC29C6}.Release|x64.Build.0 = Release|x64
		{CE5231C0-1856-4E4C-92B3-CB5ECFEC29C6}.Release|x86.ActiveCfg = Release|Win32
		{CE5231C0-1856-4E4C-92B3-CB5ECFEC29C6}.Release|x86.Build.0 = Release|Win32
		{A3656145-D9FD-417D-8557-D58277D34058}.Debug|x64.ActiveCfg = Debug|x64
		{A3656145-D9FD-417D-8557-D58277D34058}.Debug|x64.Build.0 = Debug|x64
		{A3656145-D9FD-417D-8557-D58277D34058}.Debug|x86.ActiveCfg = Debug|Win32
		{A3656145-D9FD-417D-8557-D58277D34058}.Debug|x86.Build.0 = Debug|Win32
		{A3656145-D9FD-417D-8557-D58277D34058}.Release|x64.ActiveCfg = Release|x64
		{A3656145-D9FD-417D-8557-D58277D34058}.Release|x64.Build.0 = Release|x64
		{A3656145-D9FD-417D-8557-D58277D34058}.Release|x86.ActiveCfg = Release|Win32
		{A3656145-D9FD-417D-8557-D58277D34058}.Release|x86.Build.0 = Release|Win32
		{D28A97BB-A605-4DA6-AF3C-CE0414C6F13B}.Debug|x64.ActiveCfg = Debug|x64
		{D28A97BB-A605-4DA6-AF3C-CE0414C6F13B}.Debug|x64.Build.0 = Debug|x64
		{D28A97BB-A605-4DA6-AF3C-CE0414C6F13B}.Debug|x86.ActiveCfg = Debug|Win32
		{D28A97BB-A605-4DA6-AF3C-CE0414C6F13B}.Debug|x86.Build.0 = Debug|Win32
		{D28A97BB-A605-4DA6-AF3C-CE0414C6F13B}.Release|x64.ActiveCfg = Release|x64
		{D28A97BB-A605-4DA6-AF3C-CE0414C6F13B}.Release|x64.Build.0 = Release|x64
		{D28A97BB-A605-4DA6-AF3C-CE0414C6F13B}.Release|x86.ActiveCfg = Release|Win32
		{D28A97BB-A605-4DA6-AF3C-CE0414C6F13B}.Release|x86.Build.0 = Release|Win32
		{82D8AD17-F3DC-458A-AD36-0F75DBC131A0}.Debug|x64.ActiveCfg = Debug|x64
		{82D8AD17-F3DC-458A-AD36-0F75DBC131A0}.Debug|x64.Build.0 = Debug|x64
		{82D8AD17-F3DC-458A-AD36-0F75DBC131A0}.Debug|x86.ActiveCfg = Debug|Win32
		{82D8AD17-F3DC-458A-AD36-0F75DBC131A0}.Debug|x86.Build.0 = Debug|Win32
		{82D8AD17-F3DC-458A-AD36-0F75DBC131A0}.Release|x64.ActiveCfg = Release|x64
		{82D8AD17-F3DC-458A-AD36-0F75DBC131A0}.Release|x64.Build.0 = Release|x64
		{82D8AD17-F3DC-458A-AD36-0F75DBC131A0}.Release|x86.ActiveCfg = Release|Win32
		{82D8AD17-F3DC-458A-AD36-0F75DBC131A0}.Release|x86.Build.0 = Release|Win32
		{BFE70EDA-0703-47B2-A2F0-E4E3B9983D58}.Debug|x64.ActiveCfg = Debug|x64
		{BFE70EDA-0703-47B2-A2F0-E4E3B9983D58}.Debug|x64.Build.0 = Debug|x64
		{BFE70EDA-0703-47B2-A2F0-E4E3B9983D58}.Debug|x86.ActiveCfg = Debug|Win32
		{BFE70EDA-0703-47B2-A2F0-E4E3B9983D58}.Debug|x86.Build.0 = Debug|Win32
		{BFE70EDA-0703-47B2-A2F0-E4E3B9983D58}.Release|x64.ActiveCfg = Release|x64
		{BFE70EDA-0703-47B2-A2F0-E4E3B9983D58}.Release|x64.Build.0 = Release|x64
		{BFE70EDA-0703-47B2-A2F0-E4E3B9983D58}.Release|x86.ActiveCfg = Release|Win32
		{BFE70EDA-0703-47B2-A2F0-E4E3B9983D58}.Release|x86.Build.0 = Release|Win32
		{E07B67AF-A22D-4604-953F-6376C7ECE811}.Debug|x64.ActiveCfg = Debug|x64
		{E07B67AF-A22D-4604-953F-6376C7ECE811}.Debug|x64.Build.0 = Debug|x64
		{E07B67AF-A22D-4604-953F-6376C7ECE811}.Debug|x86.ActiveCfg = Debug|Win32
		{E07B67AF-A22D-4604-953F-6376C7ECE811}.Debug|x86.Build.0 = Debug|Win32
		{E07B67AF-A22D-4604-953F-6376C7ECE811}.Release|x64.ActiveCfg = Release|x64
		{E07B67AF-A22D-4604-953F-6376C7ECE811}.Release|x64.Build.0 = Release|x64
		{E07B67AF-A22D-4604-953F-6376C7ECE811}.Release|x86.ActiveCfg = Release|Win32
		{E07B67AF-A22D-4604-953F-6376C7ECE811}.Release|x86.Build.0 = Release|Win32
		{E94A6D05-78E7-4E5E-9BE8-19C5BC2A387F}.Debug|x64.ActiveCfg = Debug|x64
		{E94A6D05-78E7-4E5E-9BE8-19C5BC2A387F}.Debug|x64.Build.0 = Debug|x64
		{E94A6D05-78E7-4E5E-9BE8-19C5BC2A387F}.Debug|x86.ActiveCfg = Debug|Win32
		{E94A6D05-78E7-4E5E-9BE8-19C5BC2A387F}.Debug|x86.Build.0 = Debug|Win32
		{E94A6D05-78E7-4E5E-9BE8-19C5BC2A387F}.Release|x64.ActiveCfg = Release|x64
		{E94A6D05-78E7-4E5E-9BE8-19C5BC2A387F}.Release|x64.Build.0 = Release|x64
		{E94A6D05-78E7-4E5E-9BE8-19C5BC2A387F}.Release|x86.ActiveCfg = Release|Win32
		{E94A6D05-78E7-4E5E-9BE8-19C5BC2A387F}.Release|x86.Build.0 = Release|Win32
		{64300019-C020-4150-80F6-E0BCEEBBEE6E}.Debug|x64.ActiveCfg = Debug|x64
		{64300019-C020-4150-80F6-E0BCEEBBEE6E}.Debug|x64.Build.0 = Debug|x64
		{64300019-C020-4150-80F6-E0BCEEBBEE6E}.Debug|x86.ActiveCfg = Debug|Win32
		{64300019-C020-4150-80F6-E0BCEEBBEE6E}.Debug|x86.Build.0 = Debug|Win32
		{64300019-C020-4150-80F6-E0BCEEBBEE6E}.Release|x64.ActiveCfg = Release|x64
		{64300019-C020-4150-80F6-E0BCEEBBEE6E}.Release|x64.Build.0 = Release|x64
		{64300019-C020-4150-80F6-E0BCEEBBEE6E}.Release|x86.ActiveCfg = Release|Win32
		{64300019-C020-4150-80F6-E0BCEEBBEE6E}.Release|x86.Build.0 = Release|Win32
	EndGlobalSection
	GlobalSection(SolutionProperties) = preSolution
		HideSolutionNode = FALSE
	EndGlobalSection
	GlobalSection(ExtensibilityGlobals) = postSolution
		SolutionGuid = {56246F0F-4AC2-426C-9E4A-663B16F5A5D6}
	EndGlobalSection
EndGlobal
