
Microsoft Visual Studio Solution File, Format Version 12.00
# Visual Studio Version 16
VisualStudioVersion = 16.0.32002.261
MinimumVisualStudioVersion = 10.0.40219.1
Project("{8BC9CEB8-8B4A-11D0-8D11-00A0C91BC942}") = "Chapter1_1", "Chapter1_1\Chapter1_1.vcxproj", "{CAF05ABE-AE36-4ABB-9B35-C7F7C144BC3B}"
EndProject
Project("{8BC9CEB8-8B4A-11D0-8D11-00A0C91BC942}") = "Chapter1_3", "Chapter1_3\Chapter1_3.vcxproj", "{D8F0C1D4-11E4-4103-ACEC-6A121F64196A}"
EndProject
Project("{8BC9CEB8-8B4A-11D0-8D11-00A0C91BC942}") = "Chapter1_4", "Chapter1_4\Chapter1_4.vcxproj", "{930880AF-2D96-4106-8891-8EA843AD872C}"
EndProject
Project("{8BC9CEB8-8B4A-11D0-8D11-00A0C91BC942}") = "Chapter1_5", "Chapter1_5\Chapter1_5.vcxproj", "{8D3919D8-0853-42E7-9DF9-22D0598AB78B}"
EndProject
Project("{8BC9CEB8-8B4A-11D0-8D11-00A0C91BC942}") = "Chapter1_6", "Chapter1_6\Chapter1_6.vcxproj", "{19725BB6-67C6-4EC4-AF8B-FDF166A0E9A3}"
EndProject
Project("{8BC9CEB8-8B4A-11D0-8D11-00A0C91BC942}") = "Chapter1_7", "Chapter1_7\Chapter1_7.vcxproj", "{EC104BCD-6F1C-4566-999A-5816CF49C7CA}"
EndProject
Project("{8BC9CEB8-8B4A-11D0-8D11-00A0C91BC942}") = "Chapter1_8", "Chapter1_8\Chapter1_8.vcxproj", "{07B29196-5258-4D67-B8A8-1BBEE1B60590}"
EndProject
Project("{8BC9CEB8-8B4A-11D0-8D11-00A0C91BC942}") = "Chapter1_9", "Chapter1_9\Chapter1_9.vcxproj", "{CE5231C0-1856-4E4C-92B3-CB5ECFEC29C6}"
EndProject
Project("{8BC9CEB8-8B4A-11D0-8D11-00A0C91BC942}") = "Chapter1_10", "Chapter1_10\Chapter1_10.vcxproj", "{A3656145-D9FD-417D-8557-D58277D34058}"
EndProject
Project("{8BC9CEB8-8B4A-11D0-8D11-00A0C91BC942}") = "Chapter1_11", "Chapter1_11\Chapter1_11.vcxproj", "{D28A97BB-A605-4DA6-AF3C-CE0414C6F13B}"
EndProject
Project("{8BC9CEB8-8B4A-11D0-8D11-00A0C91BC942}") = "Chapter1_12", "Chapter1_12\Chapter1_12.vcxproj", "{82D8AD17-F3DC-458A-AD36-0F75DBC131A0}"
EndProject
Project("{8BC9CEB8-8B4A-11D0-8D11-00A0C91BC942}") = "Chapter1_13", "Chapter1_13\Chapter1_13.vcxproj", "{BFE70EDA-0703-47B2-A2F0-E4E3B9983D58}"
EndProject
Project("{8BC9CEB8-8B4A-11D0-8D11-00A0C91BC942}") = "Chapter1_14", "Chapter1_14\Chapter1_14.vcxproj", "{E07B67AF-A22D-4604-953F-6376C7ECE811}"
EndProject
Project("{8BC9CEB8-8B4A-11D0-8D11-00A0C91BC942}") = "Chapter2_1", "Chapter1_15\Chapter1_15.vcxproj", "{E94A6D05-78E7-4E5E-9BE8-19C5BC2A387F}"
EndProject
Project("{8BC9CEB8-8B4A-11D0-8D11-00A0C91BC942}") = "Chapter2_2", "Chapter1_16\Chapter1_16.vcxproj", "{64300019-C020-4150-80F6-E0BCEEBBEE6E}"
EndProject
Project("{8BC9CEB8-8B4A-11D0-8D11-00A0C91BC942}") = "Chapter2_3", "Chapter_1_17\Chapter_1_17.vcxproj", "{10308991-7B89-43E5-B004-C89F3A91DCEE}"
EndProject
Project("{8BC9CEB8-8B4A-11D0-8D11-00A0C91BC942}") = "Chapter2_4", "Chapter1_18\Chapter1_18.vcxproj", "{5B429A38-D7BE-4CB1-B98A-C94AFC91E1C0}"
EndProject
Project("{8BC9CEB8-8B4A-11D0-8D11-00A0C91BC942}") = "Chapter2_5", "Chapter1_19\Chapter1_19.vcxproj", "{79B732FD-7267-4BBE-B74D-633EBC20D514}"
EndProject
Project("{8BC9CEB8-8B4A-11D0-8D11-00A0C91BC942}") = "Chapter2_6", "Chapter1_20\Chapter1_20.vcxproj", "{A9C79EC7-26D7-4BA2-8F0C-01C45292D09E}"
EndProject
Project("{8BC9CEB8-8B4A-11D0-8D11-00A0C91BC942}") = "Chapter2_7", "Chapter2_7\Chapter2_7.vcxproj", "{B4F1F208-B5C4-4C62-9A19-2861D55BAE4B}"
EndProject
Project("{8BC9CEB8-8B4A-11D0-8D11-00A0C91BC942}") = "Chapter2_8", "Chapter2_8\Chapter2_8.vcxproj", "{19836381-9C75-449B-AE6B-773E4C0CCDCF}"
EndProject
Project("{8BC9CEB8-8B4A-11D0-8D11-00A0C91BC942}") = "Chapter2_9", "Chapter2_9\Chapter2_9.vcxproj", "{983DFE4D-B713-432B-B767-921FD268CB62}"
EndProject
Project("{8BC9CEB8-8B4A-11D0-8D11-00A0C91BC942}") = "Chapter3_1", "Chapter3_1\Chapter3_1.vcxproj", "{174BC818-3F8D-4BB0-8C04-7E3541F6DA55}"
EndProject
Project("{8BC9CEB8-8B4A-11D0-8D11-00A0C91BC942}") = "Chapter3_2", "Chapter3_2\Chapter3_2.vcxproj", "{B1C57A2D-8182-4BF4-9907-4B794A0E5000}"
EndProject
Project("{8BC9CEB8-8B4A-11D0-8D11-00A0C91BC942}") = "Chapter3_3", "Chapter3_3\Chapter3_3.vcxproj", "{480FA646-A2E8-491E-9F24-8AFF8E33604C}"
EndProject
Project("{8BC9CEB8-8B4A-11D0-8D11-00A0C91BC942}") = "Chapter3_4", "Chapter3_4\Chapter3_4.vcxproj", "{3D2D6DA8-3F59-4F67-BB7C-0DA98AAEE4C1}"
EndProject
Project("{8BC9CEB8-8B4A-11D0-8D11-00A0C91BC942}") = "Chapter3_5", "Chapter3_5\Chapter3_5.vcxproj", "{688EA005-B08E-438A-94E4-6082C11D7E5C}"
EndProject
Project("{8BC9CEB8-8B4A-11D0-8D11-00A0C91BC942}") = "Chapter3_6", "Chapter3_6\Chapter3_6.vcxproj", "{61FFE17B-85A2-4DE7-82DB-F05A02E3EE02}"
EndProject
Project("{8BC9CEB8-8B4A-11D0-8D11-00A0C91BC942}") = "Chapter3_7", "Chapter3_7\Chapter3_7.vcxproj", "{4F95404D-1410-4DA3-AC11-9833A4A3CA2A}"
EndProject
Project("{8BC9CEB8-8B4A-11D0-8D11-00A0C91BC942}") = "Chapter3_8", "Chapter3_8\Chapter3_8.vcxproj", "{4F627472-2A60-4817-9204-3EFD44222607}"
EndProject
Project("{8BC9CEB8-8B4A-11D0-8D11-00A0C91BC942}") = "Chapter3_9", "Chapter3_9\Chapter3_9.vcxproj", "{F4716D0A-F7CA-4B80-A0DD-ADC5572AE310}"
EndProject
Global
	GlobalSection(SolutionConfigurationPlatforms) = preSolution
		Debug|x64 = Debug|x64
		Debug|x86 = Debug|x86
		Release|x64 = Release|x64
		Release|x86 = Release|x86
	EndGlobalSection
	GlobalSection(ProjectConfigurationPlatforms) = postSolution
		{CAF05ABE-AE36-4ABB-9B35-C7F7C144BC3B}.Debug|x64.ActiveCfg = Debug|x64
		{CAF05ABE-AE36-4ABB-9B35-C7F7C144BC3B}.Debug|x64.Build.0 = Debug|x64
		{CAF05ABE-AE36-4ABB-9B35-C7F7C144BC3B}.Debug|x86.ActiveCfg = Debug|Win32
		{CAF05ABE-AE36-4ABB-9B35-C7F7C144BC3B}.Debug|x86.Build.0 = Debug|Win32
		{CAF05ABE-AE36-4ABB-9B35-C7F7C144BC3B}.Release|x64.ActiveCfg = Release|x64
		{CAF05ABE-AE36-4ABB-9B35-C7F7C144BC3B}.Release|x64.Build.0 = Release|x64
		{CAF05ABE-AE36-4ABB-9B35-C7F7C144BC3B}.Release|x86.ActiveCfg = Release|Win32
		{CAF05ABE-AE36-4ABB-9B35-C7F7C144BC3B}.Release|x86.Build.0 = Release|Win32
		{D8F0C1D4-11E4-4103-ACEC-6A121F64196A}.Debug|x64.ActiveCfg = Debug|x64
		{D8F0C1D4-11E4-4103-ACEC-6A121F64196A}.Debug|x64.Build.0 = Debug|x64
		{D8F0C1D4-11E4-4103-ACEC-6A121F64196A}.Debug|x86.ActiveCfg = Debug|Win32
		{D8F0C1D4-11E4-4103-ACEC-6A121F64196A}.Debug|x86.Build.0 = Debug|Win32
		{D8F0C1D4-11E4-4103-ACEC-6A121F64196A}.Release|x64.ActiveCfg = Release|x64
		{D8F0C1D4-11E4-4103-ACEC-6A121F64196A}.Release|x64.Build.0 = Release|x64
		{D8F0C1D4-11E4-4103-ACEC-6A121F64196A}.Release|x86.ActiveCfg = Release|Win32
		{D8F0C1D4-11E4-4103-ACEC-6A121F64196A}.Release|x86.Build.0 = Release|Win32
		{930880AF-2D96-4106-8891-8EA843AD872C}.Debug|x64.ActiveCfg = Debug|x64
		{930880AF-2D96-4106-8891-8EA843AD872C}.Debug|x64.Build.0 = Debug|x64
		{930880AF-2D96-4106-8891-8EA843AD872C}.Debug|x86.ActiveCfg = Debug|Win32
		{930880AF-2D96-4106-8891-8EA843AD872C}.Debug|x86.Build.0 = Debug|Win32
		{930880AF-2D96-4106-8891-8EA843AD872C}.Release|x64.ActiveCfg = Release|x64
		{930880AF-2D96-4106-8891-8EA843AD872C}.Release|x64.Build.0 = Release|x64
		{930880AF-2D96-4106-8891-8EA843AD872C}.Release|x86.ActiveCfg = Release|Win32
		{930880AF-2D96-4106-8891-8EA843AD872C}.Release|x86.Build.0 = Release|Win32
		{8D3919D8-0853-42E7-9DF9-22D0598AB78B}.Debug|x64.ActiveCfg = Debug|x64
		{8D3919D8-0853-42E7-9DF9-22D0598AB78B}.Debug|x64.Build.0 = Debug|x64
		{8D3919D8-0853-42E7-9DF9-22D0598AB78B}.Debug|x86.ActiveCfg = Debug|Win32
		{8D3919D8-0853-42E7-9DF9-22D0598AB78B}.Debug|x86.Build.0 = Debug|Win32
		{8D3919D8-0853-42E7-9DF9-22D0598AB78B}.Release|x64.ActiveCfg = Release|x64
		{8D3919D8-0853-42E7-9DF9-22D0598AB78B}.Release|x64.Build.0 = Release|x64
		{8D3919D8-0853-42E7-9DF9-22D0598AB78B}.Release|x86.ActiveCfg = Release|Win32
		{8D3919D8-0853-42E7-9DF9-22D0598AB78B}.Release|x86.Build.0 = Release|Win32
		{19725BB6-67C6-4EC4-AF8B-FDF166A0E9A3}.Debug|x64.ActiveCfg = Debug|x64
		{19725BB6-67C6-4EC4-AF8B-FDF166A0E9A3}.Debug|x64.Build.0 = Debug|x64
		{19725BB6-67C6-4EC4-AF8B-FDF166A0E9A3}.Debug|x86.ActiveCfg = Debug|Win32
		{19725BB6-67C6-4EC4-AF8B-FDF166A0E9A3}.Debug|x86.Build.0 = Debug|Win32
		{19725BB6-67C6-4EC4-AF8B-FDF166A0E9A3}.Release|x64.ActiveCfg = Release|x64
		{19725BB6-67C6-4EC4-AF8B-FDF166A0E9A3}.Release|x64.Build.0 = Release|x64
		{19725BB6-67C6-4EC4-AF8B-FDF166A0E9A3}.Release|x86.ActiveCfg = Release|Win32
		{19725BB6-67C6-4EC4-AF8B-FDF166A0E9A3}.Release|x86.Build.0 = Release|Win32
		{EC104BCD-6F1C-4566-999A-5816CF49C7CA}.Debug|x64.ActiveCfg = Debug|x64
		{EC104BCD-6F1C-4566-999A-5816CF49C7CA}.Debug|x64.Build.0 = Debug|x64
		{EC104BCD-6F1C-4566-999A-5816CF49C7CA}.Debug|x86.ActiveCfg = Debug|Win32
		{EC104BCD-6F1C-4566-999A-5816CF49C7CA}.Debug|x86.Build.0 = Debug|Win32
		{EC104BCD-6F1C-4566-999A-5816CF49C7CA}.Release|x64.ActiveCfg = Release|x64
		{EC104BCD-6F1C-4566-999A-5816CF49C7CA}.Release|x64.Build.0 = Release|x64
		{EC104BCD-6F1C-4566-999A-5816CF49C7CA}.Release|x86.ActiveCfg = Release|Win32
		{EC104BCD-6F1C-4566-999A-5816CF49C7CA}.Release|x86.Build.0 = Release|Win32
		{07B29196-5258-4D67-B8A8-1BBEE1B60590}.Debug|x64.ActiveCfg = Debug|x64
		{07B29196-5258-4D67-B8A8-1BBEE1B60590}.Debug|x64.Build.0 = Debug|x64
		{07B29196-5258-4D67-B8A8-1BBEE1B60590}.Debug|x86.ActiveCfg = Debug|Win32
		{07B29196-5258-4D67-B8A8-1BBEE1B60590}.Debug|x86.Build.0 = Debug|Win32
		{07B29196-5258-4D67-B8A8-1BBEE1B60590}.Release|x64.ActiveCfg = Release|x64
		{07B29196-5258-4D67-B8A8-1BBEE1B60590}.Release|x64.Build.0 = Release|x64
		{07B29196-5258-4D67-B8A8-1BBEE1B60590}.Release|x86.ActiveCfg = Release|Win32
		{07B29196-5258-4D67-B8A8-1BBEE1B60590}.Release|x86.Build.0 = Release|Win32
		{CE5231C0-1856-4E4C-92B3-CB5ECFEC29C6}.Debug|x64.ActiveCfg = Debug|x64
		{CE5231C0-1856-4E4C-92B3-CB5ECFEC29C6}.Debug|x64.Build.0 = Debug|x64
		{CE5231C0-1856-4E4C-92B3-CB5ECFEC29C6}.Debug|x86.ActiveCfg = Debug|Win32
		{CE5231C0-1856-4E4C-92B3-CB5ECFEC29C6}.Debug|x86.Build.0 = Debug|Win32
		{CE5231C0-1856-4E4C-92B3-CB5ECFEC29C6}.Release|x64.ActiveCfg = Release|x64
		{CE5231C0-1856-4E4C-92B3-CB5ECFEC29C6}.Release|x64.Build.0 = Release|x64
		{CE5231C0-1856-4E4C-92B3-CB5ECFEC29C6}.Release|x86.ActiveCfg = Release|Win32
		{CE5231C0-1856-4E4C-92B3-CB5ECFEC29C6}.Release|x86.Build.0 = Release|Win32
		{A3656145-D9FD-417D-8557-D58277D34058}.Debug|x64.ActiveCfg = Debug|x64
		{A3656145-D9FD-417D-8557-D58277D34058}.Debug|x64.Build.0 = Debug|x64
		{A3656145-D9FD-417D-8557-D58277D34058}.Debug|x86.ActiveCfg = Debug|Win32
		{A3656145-D9FD-417D-8557-D58277D34058}.Debug|x86.Build.0 = Debug|Win32
		{A3656145-D9FD-417D-8557-D58277D34058}.Release|x64.ActiveCfg = Release|x64
		{A3656145-D9FD-417D-8557-D58277D34058}.Release|x64.Build.0 = Release|x64
		{A3656145-D9FD-417D-8557-D58277D34058}.Release|x86.ActiveCfg = Release|Win32
		{A3656145-D9FD-417D-8557-D58277D34058}.Release|x86.Build.0 = Release|Win32
		{D28A97BB-A605-4DA6-AF3C-CE0414C6F13B}.Debug|x64.ActiveCfg = Debug|x64
		{D28A97BB-A605-4DA6-AF3C-CE0414C6F13B}.Debug|x64.Build.0 = Debug|x64
		{D28A97BB-A605-4DA6-AF3C-CE0414C6F13B}.Debug|x86.ActiveCfg = Debug|Win32
		{D28A97BB-A605-4DA6-AF3C-CE0414C6F13B}.Debug|x86.Build.0 = Debug|Win32
		{D28A97BB-A605-4DA6-AF3C-CE0414C6F13B}.Release|x64.ActiveCfg = Release|x64
		{D28A97BB-A605-4DA6-AF3C-CE0414C6F13B}.Release|x64.Build.0 = Release|x64
		{D28A97BB-A605-4DA6-AF3C-CE0414C6F13B}.Release|x86.ActiveCfg = Release|Win32
		{D28A97BB-A605-4DA6-AF3C-CE0414C6F13B}.Release|x86.Build.0 = Release|Win32
		{82D8AD17-F3DC-458A-AD36-0F75DBC131A0}.Debug|x64.ActiveCfg = Debug|x64
		{82D8AD17-F3DC-458A-AD36-0F75DBC131A0}.Debug|x64.Build.0 = Debug|x64
		{82D8AD17-F3DC-458A-AD36-0F75DBC131A0}.Debug|x86.ActiveCfg = Debug|Win32
		{82D8AD17-F3DC-458A-AD36-0F75DBC131A0}.Debug|x86.Build.0 = Debug|Win32
		{82D8AD17-F3DC-458A-AD36-0F75DBC131A0}.Release|x64.ActiveCfg = Release|x64
		{82D8AD17-F3DC-458A-AD36-0F75DBC131A0}.Release|x64.Build.0 = Release|x64
		{82D8AD17-F3DC-458A-AD36-0F75DBC131A0}.Release|x86.ActiveCfg = Release|Win32
		{82D8AD17-F3DC-458A-AD36-0F75DBC131A0}.Release|x86.Build.0 = Release|Win32
		{BFE70EDA-0703-47B2-A2F0-E4E3B9983D58}.Debug|x64.ActiveCfg = Debug|x64
		{BFE70EDA-0703-47B2-A2F0-E4E3B9983D58}.Debug|x64.Build.0 = Debug|x64
		{BFE70EDA-0703-47B2-A2F0-E4E3B9983D58}.Debug|x86.ActiveCfg = Debug|Win32
		{BFE70EDA-0703-47B2-A2F0-E4E3B9983D58}.Debug|x86.Build.0 = Debug|Win32
		{BFE70EDA-0703-47B2-A2F0-E4E3B9983D58}.Release|x64.ActiveCfg = Release|x64
		{BFE70EDA-0703-47B2-A2F0-E4E3B9983D58}.Release|x64.Build.0 = Release|x64
		{BFE70EDA-0703-47B2-A2F0-E4E3B9983D58}.Release|x86.ActiveCfg = Release|Win32
		{BFE70EDA-0703-47B2-A2F0-E4E3B9983D58}.Release|x86.Build.0 = Release|Win32
		{E07B67AF-A22D-4604-953F-6376C7ECE811}.Debug|x64.ActiveCfg = Debug|x64
		{E07B67AF-A22D-4604-953F-6376C7ECE811}.Debug|x64.Build.0 = Debug|x64
		{E07B67AF-A22D-4604-953F-6376C7ECE811}.Debug|x86.ActiveCfg = Debug|Win32
		{E07B67AF-A22D-4604-953F-6376C7ECE811}.Debug|x86.Build.0 = Debug|Win32
		{E07B67AF-A22D-4604-953F-6376C7ECE811}.Release|x64.ActiveCfg = Release|x64
		{E07B67AF-A22D-4604-953F-6376C7ECE811}.Release|x64.Build.0 = Release|x64
		{E07B67AF-A22D-4604-953F-6376C7ECE811}.Release|x86.ActiveCfg = Release|Win32
		{E07B67AF-A22D-4604-953F-6376C7ECE811}.Release|x86.Build.0 = Release|Win32
		{E94A6D05-78E7-4E5E-9BE8-19C5BC2A387F}.Debug|x64.ActiveCfg = Debug|x64
		{E94A6D05-78E7-4E5E-9BE8-19C5BC2A387F}.Debug|x64.Build.0 = Debug|x64
		{E94A6D05-78E7-4E5E-9BE8-19C5BC2A387F}.Debug|x86.ActiveCfg = Debug|Win32
		{E94A6D05-78E7-4E5E-9BE8-19C5BC2A387F}.Debug|x86.Build.0 = Debug|Win32
		{E94A6D05-78E7-4E5E-9BE8-19C5BC2A387F}.Release|x64.ActiveCfg = Release|x64
		{E94A6D05-78E7-4E5E-9BE8-19C5BC2A387F}.Release|x64.Build.0 = Release|x64
		{E94A6D05-78E7-4E5E-9BE8-19C5BC2A387F}.Release|x86.ActiveCfg = Release|Win32
		{E94A6D05-78E7-4E5E-9BE8-19C5BC2A387F}.Release|x86.Build.0 = Release|Win32
		{64300019-C020-4150-80F6-E0BCEEBBEE6E}.Debug|x64.ActiveCfg = Debug|x64
		{64300019-C020-4150-80F6-E0BCEEBBEE6E}.Debug|x64.Build.0 = Debug|x64
		{64300019-C020-4150-80F6-E0BCEEBBEE6E}.Debug|x86.ActiveCfg = Debug|Win32
		{64300019-C020-4150-80F6-E0BCEEBBEE6E}.Debug|x86.Build.0 = Debug|Win32
		{64300019-C020-4150-80F6-E0BCEEBBEE6E}.Release|x64.ActiveCfg = Release|x64
		{64300019-C020-4150-80F6-E0BCEEBBEE6E}.Release|x64.Build.0 = Release|x64
		{64300019-C020-4150-80F6-E0BCEEBBEE6E}.Release|x86.ActiveCfg = Release|Win32
		{64300019-C020-4150-80F6-E0BCEEBBEE6E}.Release|x86.Build.0 = Release|Win32
		{10308991-7B89-43E5-B004-C89F3A91DCEE}.Debug|x64.ActiveCfg = Debug|x64
		{10308991-7B89-43E5-B004-C89F3A91DCEE}.Debug|x64.Build.0 = Debug|x64
		{10308991-7B89-43E5-B004-C89F3A91DCEE}.Debug|x86.ActiveCfg = Debug|Win32
		{10308991-7B89-43E5-B004-C89F3A91DCEE}.Debug|x86.Build.0 = Debug|Win32
		{10308991-7B89-43E5-B004-C89F3A91DCEE}.Release|x64.ActiveCfg = Release|x64
		{10308991-7B89-43E5-B004-C89F3A91DCEE}.Release|x64.Build.0 = Release|x64
		{10308991-7B89-43E5-B004-C89F3A91DCEE}.Release|x86.ActiveCfg = Release|Win32
		{10308991-7B89-43E5-B004-C89F3A91DCEE}.Release|x86.Build.0 = Release|Win32
		{5B429A38-D7BE-4CB1-B98A-C94AFC91E1C0}.Debug|x64.ActiveCfg = Debug|x64
		{5B429A38-D7BE-4CB1-B98A-C94AFC91E1C0}.Debug|x64.Build.0 = Debug|x64
		{5B429A38-D7BE-4CB1-B98A-C94AFC91E1C0}.Debug|x86.ActiveCfg = Debug|Win32
		{5B429A38-D7BE-4CB1-B98A-C94AFC91E1C0}.Debug|x86.Build.0 = Debug|Win32
		{5B429A38-D7BE-4CB1-B98A-C94AFC91E1C0}.Release|x64.ActiveCfg = Release|x64
		{5B429A38-D7BE-4CB1-B98A-C94AFC91E1C0}.Release|x64.Build.0 = Release|x64
		{5B429A38-D7BE-4CB1-B98A-C94AFC91E1C0}.Release|x86.ActiveCfg = Release|Win32
		{5B429A38-D7BE-4CB1-B98A-C94AFC91E1C0}.Release|x86.Build.0 = Release|Win32
		{79B732FD-7267-4BBE-B74D-633EBC20D514}.Debug|x64.ActiveCfg = Debug|x64
		{79B732FD-7267-4BBE-B74D-633EBC20D514}.Debug|x64.Build.0 = Debug|x64
		{79B732FD-7267-4BBE-B74D-633EBC20D514}.Debug|x86.ActiveCfg = Debug|Win32
		{79B732FD-7267-4BBE-B74D-633EBC20D514}.Debug|x86.Build.0 = Debug|Win32
		{79B732FD-7267-4BBE-B74D-633EBC20D514}.Release|x64.ActiveCfg = Release|x64
		{79B732FD-7267-4BBE-B74D-633EBC20D514}.Release|x64.Build.0 = Release|x64
		{79B732FD-7267-4BBE-B74D-633EBC20D514}.Release|x86.ActiveCfg = Release|Win32
		{79B732FD-7267-4BBE-B74D-633EBC20D514}.Release|x86.Build.0 = Release|Win32
		{A9C79EC7-26D7-4BA2-8F0C-01C45292D09E}.Debug|x64.ActiveCfg = Debug|x64
		{A9C79EC7-26D7-4BA2-8F0C-01C45292D09E}.Debug|x64.Build.0 = Debug|x64
		{A9C79EC7-26D7-4BA2-8F0C-01C45292D09E}.Debug|x86.ActiveCfg = Debug|Win32
		{A9C79EC7-26D7-4BA2-8F0C-01C45292D09E}.Debug|x86.Build.0 = Debug|Win32
		{A9C79EC7-26D7-4BA2-8F0C-01C45292D09E}.Release|x64.ActiveCfg = Release|x64
		{A9C79EC7-26D7-4BA2-8F0C-01C45292D09E}.Release|x64.Build.0 = Release|x64
		{A9C79EC7-26D7-4BA2-8F0C-01C45292D09E}.Release|x86.ActiveCfg = Release|Win32
		{A9C79EC7-26D7-4BA2-8F0C-01C45292D09E}.Release|x86.Build.0 = Release|Win32
		{B4F1F208-B5C4-4C62-9A19-2861D55BAE4B}.Debug|x64.ActiveCfg = Debug|x64
		{B4F1F208-B5C4-4C62-9A19-2861D55BAE4B}.Debug|x64.Build.0 = Debug|x64
		{B4F1F208-B5C4-4C62-9A19-2861D55BAE4B}.Debug|x86.ActiveCfg = Debug|Win32
		{B4F1F208-B5C4-4C62-9A19-2861D55BAE4B}.Debug|x86.Build.0 = Debug|Win32
		{B4F1F208-B5C4-4C62-9A19-2861D55BAE4B}.Release|x64.ActiveCfg = Release|x64
		{B4F1F208-B5C4-4C62-9A19-2861D55BAE4B}.Release|x64.Build.0 = Release|x64
		{B4F1F208-B5C4-4C62-9A19-2861D55BAE4B}.Release|x86.ActiveCfg = Release|Win32
		{B4F1F208-B5C4-4C62-9A19-2861D55BAE4B}.Release|x86.Build.0 = Release|Win32
		{19836381-9C75-449B-AE6B-773E4C0CCDCF}.Debug|x64.ActiveCfg = Debug|x64
		{19836381-9C75-449B-AE6B-773E4C0CCDCF}.Debug|x64.Build.0 = Debug|x64
		{19836381-9C75-449B-AE6B-773E4C0CCDCF}.Debug|x86.ActiveCfg = Debug|Win32
		{19836381-9C75-449B-AE6B-773E4C0CCDCF}.Debug|x86.Build.0 = Debug|Win32
		{19836381-9C75-449B-AE6B-773E4C0CCDCF}.Release|x64.ActiveCfg = Release|x64
		{19836381-9C75-449B-AE6B-773E4C0CCDCF}.Release|x64.Build.0 = Release|x64
		{19836381-9C75-449B-AE6B-773E4C0CCDCF}.Release|x86.ActiveCfg = Release|Win32
		{19836381-9C75-449B-AE6B-773E4C0CCDCF}.Release|x86.Build.0 = Release|Win32
		{983DFE4D-B713-432B-B767-921FD268CB62}.Debug|x64.ActiveCfg = Debug|x64
		{983DFE4D-B713-432B-B767-921FD268CB62}.Debug|x64.Build.0 = Debug|x64
		{983DFE4D-B713-432B-B767-921FD268CB62}.Debug|x86.ActiveCfg = Debug|Win32
		{983DFE4D-B713-432B-B767-921FD268CB62}.Debug|x86.Build.0 = Debug|Win32
		{983DFE4D-B713-432B-B767-921FD268CB62}.Release|x64.ActiveCfg = Release|x64
		{983DFE4D-B713-432B-B767-921FD268CB62}.Release|x64.Build.0 = Release|x64
		{983DFE4D-B713-432B-B767-921FD268CB62}.Release|x86.ActiveCfg = Release|Win32
		{983DFE4D-B713-432B-B767-921FD268CB62}.Release|x86.Build.0 = Release|Win32
		{174BC818-3F8D-4BB0-8C04-7E3541F6DA55}.Debug|x64.ActiveCfg = Debug|x64
		{174BC818-3F8D-4BB0-8C04-7E3541F6DA55}.Debug|x64.Build.0 = Debug|x64
		{174BC818-3F8D-4BB0-8C04-7E3541F6DA55}.Debug|x86.ActiveCfg = Debug|Win32
		{174BC818-3F8D-4BB0-8C04-7E3541F6DA55}.Debug|x86.Build.0 = Debug|Win32
		{174BC818-3F8D-4BB0-8C04-7E3541F6DA55}.Release|x64.ActiveCfg = Release|x64
		{174BC818-3F8D-4BB0-8C04-7E3541F6DA55}.Release|x64.Build.0 = Release|x64
		{174BC818-3F8D-4BB0-8C04-7E3541F6DA55}.Release|x86.ActiveCfg = Release|Win32
		{174BC818-3F8D-4BB0-8C04-7E3541F6DA55}.Release|x86.Build.0 = Release|Win32
		{B1C57A2D-8182-4BF4-9907-4B794A0E5000}.Debug|x64.ActiveCfg = Debug|x64
		{B1C57A2D-8182-4BF4-9907-4B794A0E5000}.Debug|x64.Build.0 = Debug|x64
		{B1C57A2D-8182-4BF4-9907-4B794A0E5000}.Debug|x86.ActiveCfg = Debug|Win32
		{B1C57A2D-8182-4BF4-9907-4B794A0E5000}.Debug|x86.Build.0 = Debug|Win32
		{B1C57A2D-8182-4BF4-9907-4B794A0E5000}.Release|x64.ActiveCfg = Release|x64
		{B1C57A2D-8182-4BF4-9907-4B794A0E5000}.Release|x64.Build.0 = Release|x64
		{B1C57A2D-8182-4BF4-9907-4B794A0E5000}.Release|x86.ActiveCfg = Release|Win32
		{B1C57A2D-8182-4BF4-9907-4B794A0E5000}.Release|x86.Build.0 = Release|Win32
		{480FA646-A2E8-491E-9F24-8AFF8E33604C}.Debug|x64.ActiveCfg = Debug|x64
		{480FA646-A2E8-491E-9F24-8AFF8E33604C}.Debug|x64.Build.0 = Debug|x64
		{480FA646-A2E8-491E-9F24-8AFF8E33604C}.Debug|x86.ActiveCfg = Debug|Win32
		{480FA646-A2E8-491E-9F24-8AFF8E33604C}.Debug|x86.Build.0 = Debug|Win32
		{480FA646-A2E8-491E-9F24-8AFF8E33604C}.Release|x64.ActiveCfg = Release|x64
		{480FA646-A2E8-491E-9F24-8AFF8E33604C}.Release|x64.Build.0 = Release|x64
		{480FA646-A2E8-491E-9F24-8AFF8E33604C}.Release|x86.ActiveCfg = Release|Win32
		{480FA646-A2E8-491E-9F24-8AFF8E33604C}.Release|x86.Build.0 = Release|Win32
		{3D2D6DA8-3F59-4F67-BB7C-0DA98AAEE4C1}.Debug|x64.ActiveCfg = Debug|x64
		{3D2D6DA8-3F59-4F67-BB7C-0DA98AAEE4C1}.Debug|x64.Build.0 = Debug|x64
		{3D2D6DA8-3F59-4F67-BB7C-0DA98AAEE4C1}.Debug|x86.ActiveCfg = Debug|Win32
		{3D2D6DA8-3F59-4F67-BB7C-0DA98AAEE4C1}.Debug|x86.Build.0 = Debug|Win32
		{3D2D6DA8-3F59-4F67-BB7C-0DA98AAEE4C1}.Release|x64.ActiveCfg = Release|x64
		{3D2D6DA8-3F59-4F67-BB7C-0DA98AAEE4C1}.Release|x64.Build.0 = Release|x64
		{3D2D6DA8-3F59-4F67-BB7C-0DA98AAEE4C1}.Release|x86.ActiveCfg = Release|Win32
		{3D2D6DA8-3F59-4F67-BB7C-0DA98AAEE4C1}.Release|x86.Build.0 = Release|Win32
		{688EA005-B08E-438A-94E4-6082C11D7E5C}.Debug|x64.ActiveCfg = Debug|x64
		{688EA005-B08E-438A-94E4-6082C11D7E5C}.Debug|x64.Build.0 = Debug|x64
		{688EA005-B08E-438A-94E4-6082C11D7E5C}.Debug|x86.ActiveCfg = Debug|Win32
		{688EA005-B08E-438A-94E4-6082C11D7E5C}.Debug|x86.Build.0 = Debug|Win32
		{688EA005-B08E-438A-94E4-6082C11D7E5C}.Release|x64.ActiveCfg = Release|x64
		{688EA005-B08E-438A-94E4-6082C11D7E5C}.Release|x64.Build.0 = Release|x64
		{688EA005-B08E-438A-94E4-6082C11D7E5C}.Release|x86.ActiveCfg = Release|Win32
		{688EA005-B08E-438A-94E4-6082C11D7E5C}.Release|x86.Build.0 = Release|Win32
		{61FFE17B-85A2-4DE7-82DB-F05A02E3EE02}.Debug|x64.ActiveCfg = Debug|x64
		{61FFE17B-85A2-4DE7-82DB-F05A02E3EE02}.Debug|x64.Build.0 = Debug|x64
		{61FFE17B-85A2-4DE7-82DB-F05A02E3EE02}.Debug|x86.ActiveCfg = Debug|Win32
		{61FFE17B-85A2-4DE7-82DB-F05A02E3EE02}.Debug|x86.Build.0 = Debug|Win32
		{61FFE17B-85A2-4DE7-82DB-F05A02E3EE02}.Release|x64.ActiveCfg = Release|x64
		{61FFE17B-85A2-4DE7-82DB-F05A02E3EE02}.Release|x64.Build.0 = Release|x64
		{61FFE17B-85A2-4DE7-82DB-F05A02E3EE02}.Release|x86.ActiveCfg = Release|Win32
		{61FFE17B-85A2-4DE7-82DB-F05A02E3EE02}.Release|x86.Build.0 = Release|Win32
		{4F95404D-1410-4DA3-AC11-9833A4A3CA2A}.Debug|x64.ActiveCfg = Debug|x64
		{4F95404D-1410-4DA3-AC11-9833A4A3CA2A}.Debug|x64.Build.0 = Debug|x64
		{4F95404D-1410-4DA3-AC11-9833A4A3CA2A}.Debug|x86.ActiveCfg = Debug|Win32
		{4F95404D-1410-4DA3-AC11-9833A4A3CA2A}.Debug|x86.Build.0 = Debug|Win32
		{4F95404D-1410-4DA3-AC11-9833A4A3CA2A}.Release|x64.ActiveCfg = Release|x64
		{4F95404D-1410-4DA3-AC11-9833A4A3CA2A}.Release|x64.Build.0 = Release|x64
		{4F95404D-1410-4DA3-AC11-9833A4A3CA2A}.Release|x86.ActiveCfg = Release|Win32
		{4F95404D-1410-4DA3-AC11-9833A4A3CA2A}.Release|x86.Build.0 = Release|Win32
		{4F627472-2A60-4817-9204-3EFD44222607}.Debug|x64.ActiveCfg = Debug|x64
		{4F627472-2A60-4817-9204-3EFD44222607}.Debug|x64.Build.0 = Debug|x64
		{4F627472-2A60-4817-9204-3EFD44222607}.Debug|x86.ActiveCfg = Debug|Win32
		{4F627472-2A60-4817-9204-3EFD44222607}.Debug|x86.Build.0 = Debug|Win32
		{4F627472-2A60-4817-9204-3EFD44222607}.Release|x64.ActiveCfg = Release|x64
		{4F627472-2A60-4817-9204-3EFD44222607}.Release|x64.Build.0 = Release|x64
		{4F627472-2A60-4817-9204-3EFD44222607}.Release|x86.ActiveCfg = Release|Win32
		{4F627472-2A60-4817-9204-3EFD44222607}.Release|x86.Build.0 = Release|Win32
		{F4716D0A-F7CA-4B80-A0DD-ADC5572AE310}.Debug|x64.ActiveCfg = Debug|x64
		{F4716D0A-F7CA-4B80-A0DD-ADC5572AE310}.Debug|x64.Build.0 = Debug|x64
		{F4716D0A-F7CA-4B80-A0DD-ADC5572AE310}.Debug|x86.ActiveCfg = Debug|Win32
		{F4716D0A-F7CA-4B80-A0DD-ADC5572AE310}.Debug|x86.Build.0 = Debug|Win32
		{F4716D0A-F7CA-4B80-A0DD-ADC5572AE310}.Release|x64.ActiveCfg = Release|x64
		{F4716D0A-F7CA-4B80-A0DD-ADC5572AE310}.Release|x64.Build.0 = Release|x64
		{F4716D0A-F7CA-4B80-A0DD-ADC5572AE310}.Release|x86.ActiveCfg = Release|Win32
		{F4716D0A-F7CA-4B80-A0DD-ADC5572AE310}.Release|x86.Build.0 = Release|Win32
	EndGlobalSection
	GlobalSection(SolutionProperties) = preSolution
		HideSolutionNode = FALSE
	EndGlobalSection
	GlobalSection(ExtensibilityGlobals) = postSolution
		SolutionGuid = {56246F0F-4AC2-426C-9E4A-663B16F5A5D6}
	EndGlobalSection
EndGlobal
